<?xml version="1.0" encoding="utf-8"?>
<Project ToolsVersion="4.0" xmlns="http://schemas.microsoft.com/developer/msbuild/2003">
  <ItemGroup>
    <Filter Include="Fichiers sources">
      <UniqueIdentifier>{4FC737F1-C7A5-4376-A066-2A32D752A2FF}</UniqueIdentifier>
      <Extensions>cpp;c;cc;cxx;c++;cppm;ixx;def;odl;idl;hpj;bat;asm;asmx</Extensions>
    </Filter>
    <Filter Include="Fichiers d%27en-tête">
      <UniqueIdentifier>{93995380-89BD-4b04-88EB-625FBE52EBFB}</UniqueIdentifier>
      <Extensions>h;hh;hpp;hxx;h++;hm;inl;inc;ipp;xsd</Extensions>
    </Filter>
    <Filter Include="Fichiers de ressources">
      <UniqueIdentifier>{67DA6AB6-F800-4c08-8B7A-83BB121AAD01}</UniqueIdentifier>
      <Extensions>rc;ico;cur;bmp;dlg;rc2;rct;bin;rgs;gif;jpg;jpeg;jpe;resx;tiff;tif;png;wav;mfcribbon-ms</Extensions>
    </Filter>
    <Filter Include="Fichiers sources\OptionsTypesCpp">
      <UniqueIdentifier>{de28ad66-155f-4219-acef-c2f27da7352b}</UniqueIdentifier>
    </Filter>
    <Filter Include="Fichiers d%27en-tête\OptionsTypesHeader">
      <UniqueIdentifier>{7f434ff1-fa9c-4c38-a055-46a984358436}</UniqueIdentifier>
    </Filter>
    <Filter Include="Fichiers sources\PricersCpp">
      <UniqueIdentifier>{2f3aa6f8-3390-4a7c-afa5-8cc46582b040}</UniqueIdentifier>
    </Filter>
    <Filter Include="Fichiers d%27en-tête\PricersHeader">
      <UniqueIdentifier>{769fdd9b-9577-4710-b23b-84b861a7e735}</UniqueIdentifier>
    </Filter>
  </ItemGroup>
  <ItemGroup>
    <ClCompile Include="main.cpp">
      <Filter>Fichiers sources</Filter>
    </ClCompile>
    <ClCompile Include="AmericanOption.cpp">
      <Filter>Fichiers sources\OptionsTypesCpp</Filter>
    </ClCompile>
    <ClCompile Include="AsianOption.cpp">
      <Filter>Fichiers sources\OptionsTypesCpp</Filter>
    </ClCompile>
    <ClCompile Include="EuropeanDigitalOption.cpp">
      <Filter>Fichiers sources\OptionsTypesCpp</Filter>
    </ClCompile>
    <ClCompile Include="EuropeanOption.cpp">
      <Filter>Fichiers sources\OptionsTypesCpp</Filter>
    </ClCompile>
    <ClCompile Include="Option.cpp">
      <Filter>Fichiers sources\OptionsTypesCpp</Filter>
    </ClCompile>
    <ClCompile Include="SingletonMersenTwister.cpp">
      <Filter>Fichiers sources</Filter>
    </ClCompile>
    <ClCompile Include="PricerCrr.cpp">
      <Filter>Fichiers sources\PricersCpp</Filter>
    </ClCompile>
    <ClCompile Include="PricerMonteCarlo.cpp">
      <Filter>Fichiers sources\PricersCpp</Filter>
    </ClCompile>
    <ClCompile Include="BlackScholesModel.cpp">
      <Filter>Fichiers sources\PricersCpp</Filter>
    </ClCompile>
  </ItemGroup>
  <ItemGroup>
    <ClInclude Include="EuropeanOption.h">
      <Filter>Fichiers d%27en-tête\OptionsTypesHeader</Filter>
    </ClInclude>
    <ClInclude Include="EuropeanDigitalOption.h">
      <Filter>Fichiers d%27en-tête\OptionsTypesHeader</Filter>
    </ClInclude>
    <ClInclude Include="Option.h">
      <Filter>Fichiers d%27en-tête\OptionsTypesHeader</Filter>
    </ClInclude>
    <ClInclude Include="AmericanOption.h">
      <Filter>Fichiers d%27en-tête\OptionsTypesHeader</Filter>
    </ClInclude>
    <ClInclude Include="AsianOption.h">
      <Filter>Fichiers d%27en-tête\OptionsTypesHeader</Filter>
    </ClInclude>
    <ClInclude Include="BinLattice.h">
      <Filter>Fichiers d%27en-tête</Filter>
    </ClInclude>
    <ClInclude Include="SingletonMersenTwister.h">
      <Filter>Fichiers d%27en-tête</Filter>
    </ClInclude>
    <ClInclude Include="PricerCrr.h">
      <Filter>Fichiers d%27en-tête\PricersHeader</Filter>
    </ClInclude>
    <ClInclude Include="PricerMonteCarlo.h">
      <Filter>Fichiers d%27en-tête\PricersHeader</Filter>
    </ClInclude>
    <ClInclude Include="BlackScholesModel.h">
      <Filter>Fichiers d%27en-tête\PricersHeader</Filter>
    </ClInclude>
  </ItemGroup>
</Project>